
Microsoft Visual Studio Solution File, Format Version 12.00
# Visual Studio Version 17
VisualStudioVersion = 17.2.32519.379
MinimumVisualStudioVersion = 10.0.40219.1
Project("{FAE04EC0-301F-11D3-BF4B-00C04F79EFBC}") = "VerifyDB", "VerifyDB\VerifyDB.csproj", "{762810D7-B6C6-4419-A291-DFFF65AC8721}"
EndProject
Global
	GlobalSection(SolutionConfigurationPlatforms) = preSolution
		Debug|Any CPU = Debug|Any CPU
		Release|Any CPU = Release|Any CPU
	EndGlobalSection
	GlobalSection(ProjectConfigurationPlatforms) = postSolution
		{762810D7-B6C6-4419-A291-DFFF65AC8721}.Debug|Any CPU.ActiveCfg = Debug|Any CPU
		{762810D7-B6C6-4419-A291-DFFF65AC8721}.Debug|Any CPU.Build.0 = Debug|Any CPU
		{762810D7-B6C6-4419-A291-DFFF65AC8721}.Release|Any CPU.ActiveCfg = Release|Any CPU
		{762810D7-B6C6-4419-A291-DFFF65AC8721}.Release|Any CPU.Build.0 = Release|Any CPU
	EndGlobalSection
	GlobalSection(SolutionProperties) = preSolution
		HideSolutionNode = FALSE
	EndGlobalSection
	GlobalSection(ExtensibilityGlobals) = postSolution
		SolutionGuid = {6F464E2F-EF10-4179-AAAE-54A1C029D683}
	EndGlobalSection
EndGlobal
